
Microsoft Visual Studio Solution File, Format Version 12.00
# Visual Studio Version 17
VisualStudioVersion = 17.3.32825.248
MinimumVisualStudioVersion = 10.0.40219.1
Project("{FAE04EC0-301F-11D3-BF4B-00C04F79EFBC}") = "WpfAppUI", "WpfAppUI\WpfAppUI.csproj", "{2DACF378-502D-49B7-B089-CDCE5682353B}"
EndProject
Global
	GlobalSection(SolutionConfigurationPlatforms) = preSolution
		Debug|Any CPU = Debug|Any CPU
		Release|Any CPU = Release|Any CPU
	EndGlobalSection
	GlobalSection(ProjectConfigurationPlatforms) = postSolution
		{2DACF378-502D-49B7-B089-CDCE5682353B}.Debug|Any CPU.ActiveCfg = Debug|Any CPU
		{2DACF378-502D-49B7-B089-CDCE5682353B}.Debug|Any CPU.Build.0 = Debug|Any CPU
		{2DACF378-502D-49B7-B089-CDCE5682353B}.Release|Any CPU.ActiveCfg = Release|Any CPU
		{2DACF378-502D-49B7-B089-CDCE5682353B}.Release|Any CPU.Build.0 = Release|Any CPU
	EndGlobalSection
	GlobalSection(SolutionProperties) = preSolution
		HideSolutionNode = FALSE
	EndGlobalSection
	GlobalSection(ExtensibilityGlobals) = postSolution
		SolutionGuid = {5558C715-A58F-4603-BD68-C8848CFB300E}
	EndGlobalSection
EndGlobal
