
Microsoft Visual Studio Solution File, Format Version 12.00
# Visual Studio Version 17
VisualStudioVersion = 17.3.32825.248
MinimumVisualStudioVersion = 10.0.40219.1
Project("{FAE04EC0-301F-11D3-BF4B-00C04F79EFBC}") = "WpfApp", "WpfApp\WpfApp.csproj", "{106AE5D0-DCCB-465D-8D46-A8D471FDFC6B}"
EndProject
Global
	GlobalSection(SolutionConfigurationPlatforms) = preSolution
		Debug|Any CPU = Debug|Any CPU
		Release|Any CPU = Release|Any CPU
	EndGlobalSection
	GlobalSection(ProjectConfigurationPlatforms) = postSolution
		{106AE5D0-DCCB-465D-8D46-A8D471FDFC6B}.Debug|Any CPU.ActiveCfg = Debug|Any CPU
		{106AE5D0-DCCB-465D-8D46-A8D471FDFC6B}.Debug|Any CPU.Build.0 = Debug|Any CPU
		{106AE5D0-DCCB-465D-8D46-A8D471FDFC6B}.Release|Any CPU.ActiveCfg = Release|Any CPU
		{106AE5D0-DCCB-465D-8D46-A8D471FDFC6B}.Release|Any CPU.Build.0 = Release|Any CPU
	EndGlobalSection
	GlobalSection(SolutionProperties) = preSolution
		HideSolutionNode = FALSE
	EndGlobalSection
	GlobalSection(ExtensibilityGlobals) = postSolution
		SolutionGuid = {630720EE-0702-42D1-97EB-60F7C4D2A472}
	EndGlobalSection
EndGlobal
