
Microsoft Visual Studio Solution File, Format Version 12.00
# Visual Studio Version 17
VisualStudioVersion = 17.3.32825.248
MinimumVisualStudioVersion = 10.0.40219.1
Project("{FAE04EC0-301F-11D3-BF4B-00C04F79EFBC}") = "WpfApp", "WpfApp\WpfApp.csproj", "{8047A621-4ADC-4C0F-AA94-BEED72922402}"
EndProject
Global
	GlobalSection(SolutionConfigurationPlatforms) = preSolution
		Debug|Any CPU = Debug|Any CPU
		Release|Any CPU = Release|Any CPU
	EndGlobalSection
	GlobalSection(ProjectConfigurationPlatforms) = postSolution
		{8047A621-4ADC-4C0F-AA94-BEED72922402}.Debug|Any CPU.ActiveCfg = Debug|Any CPU
		{8047A621-4ADC-4C0F-AA94-BEED72922402}.Debug|Any CPU.Build.0 = Debug|Any CPU
		{8047A621-4ADC-4C0F-AA94-BEED72922402}.Release|Any CPU.ActiveCfg = Release|Any CPU
		{8047A621-4ADC-4C0F-AA94-BEED72922402}.Release|Any CPU.Build.0 = Release|Any CPU
	EndGlobalSection
	GlobalSection(SolutionProperties) = preSolution
		HideSolutionNode = FALSE
	EndGlobalSection
	GlobalSection(ExtensibilityGlobals) = postSolution
		SolutionGuid = {09326E60-A31B-487D-AB39-C5AB6EAE28E4}
	EndGlobalSection
EndGlobal
